schema: '2.0'
stages:
  load_data:
    cmd: python src/load_data.py --config=params.yaml
    deps:
    - path: dataset/winequality.csv
      md5: ccc8d3507eb151f53f760d36abdef888
      size: 91998
    - path: src/get_data.py
      md5: e8e95535d0a7cd36c0969056a4cfb68d
      size: 702
    - path: src/load_data.py
      md5: 7863c57f7dd955e71a474af44427bfff
      size: 694
    outs:
    - path: data/raw/winequality.csv
      md5: d98e8f2eca228c11c4de1cc96866a54d
      size: 93598
